PODS:
  - Alamofire (4.5.0)
  - CryptoSwift (0.6.9)
  - FirebaseAnalytics (3.9.0):
    - FirebaseCore (~> 3.6)
    - FirebaseInstanceID (~> 1.0)
    - GoogleToolboxForMac/NSData+zlib (~> 2.1)
  - FirebaseCore (3.6.0):
    - GoogleToolboxForMac/NSData+zlib (~> 2.1)
  - FirebaseInstanceID (1.0.10):
    - FirebaseCore (~> 3.6)
  - Google/Core (3.0.3):
    - FirebaseAnalytics (~> 3.2)
  - Google/SignIn (3.0.3):
    - Google/Core
    - GoogleSignIn (~> 4.0)
  - GoogleAPIClientForREST/Core (1.2.1):
    - GTMSessionFetcher (>= 1.1.7)
  - GoogleAPIClientForREST/Sheets (1.2.1):
    - GoogleAPIClientForREST/Core
    - GTMSessionFetcher (>= 1.1.7)
  - GoogleSignIn (4.0.2):
    - GoogleToolboxForMac/NSDictionary+URLArguments (~> 2.1)
    - GoogleToolboxForMac/NSString+URLArguments (~> 2.1)
    - GTMOAuth2 (~> 1.0)
    - GTMSessionFetcher/Core (~> 1.1)
  - GoogleToolboxForMac/DebugUtils (2.1.1):
    - GoogleToolboxForMac/Defines (= 2.1.1)
  - GoogleToolboxForMac/Defines (2.1.1)
  - GoogleToolboxForMac/NSData+zlib (2.1.1):
    - GoogleToolboxForMac/Defines (= 2.1.1)
  - GoogleToolboxForMac/NSDictionary+URLArguments (2.1.1):
    - GoogleToolboxForMac/DebugUtils (= 2.1.1)
    - GoogleToolboxForMac/Defines (= 2.1.1)
    - GoogleToolboxForMac/NSString+URLArguments (= 2.1.1)
  - GoogleToolboxForMac/NSString+URLArguments (2.1.1)
  - GTMOAuth2 (1.1.4):
    - GTMSessionFetcher (~> 1.1)
  - GTMSessionFetcher (1.1.11):
    - GTMSessionFetcher/Full (= 1.1.11)
  - GTMSessionFetcher/Core (1.1.11)
  - GTMSessionFetcher/Full (1.1.11):
    - GTMSessionFetcher/Core (= 1.1.11)
  - PKHUD (4.2.3)
  - PromiseKit (4.2.2):
    - PromiseKit/Foundation (= 4.2.2)
    - PromiseKit/QuartzCore (= 4.2.2)
    - PromiseKit/UIKit (= 4.2.2)
  - PromiseKit/CorePromise (4.2.2)
  - PromiseKit/Foundation (4.2.2):
    - PromiseKit/CorePromise
  - PromiseKit/QuartzCore (4.2.2):
    - PromiseKit/CorePromise
  - PromiseKit/UIKit (4.2.2):
    - PromiseKit/CorePromise
  - R.swift (3.3.0):
    - R.swift.Library (~> 3.0.2)
  - R.swift.Library (3.0.2)
  - Reveal-SDK (10)
  - RxCocoa (4.0.0-alpha.1):
    - RxSwift (~> 4.0.0-alpha.1)
  - RxDataSources (2.0.0-alpha.0):
    - RxCocoa (~> 4.0.0-alpha.0)
    - RxSwift (~> 4.0.0-alpha.0)
  - RxSwift (4.0.0-alpha.1)
  - SwiftDate (4.1.2)
  - SwiftyJSON (3.1.4)

DEPENDENCIES:
  - Alamofire
  - CryptoSwift (from `https://github.com/krzyzanowskim/CryptoSwift.git`, branch `swift4`)
  - Google/SignIn (~> 3.0.3)
  - GoogleAPIClientForREST/Sheets (~> 1.2.1)
  - PKHUD (from `https://github.com/pkluz/PKHUD.git`, branch `release/swift4`)
  - PromiseKit (from `https://github.com/mxcl/PromiseKit.git`, branch `swift4-beta1`)
  - R.swift
  - Reveal-SDK
  - RxCocoa (from `https://github.com/ReactiveX/RxSwift.git`, branch `swift4.0`)
  - RxDataSources (from `https://github.com/RxSwiftCommunity/RxDataSources.git`, branch `swift4.0`)
  - RxSwift (from `https://github.com/ReactiveX/RxSwift.git`, branch `swift4.0`)
  - SwiftDate (from `https://github.com/malcommac/SwiftDate.git`, branch `swift-4`)
  - SwiftyJSON

EXTERNAL SOURCES:
  CryptoSwift:
    :branch: swift4
    :git: https://github.com/krzyzanowskim/CryptoSwift.git
  PKHUD:
    :branch: release/swift4
    :git: https://github.com/pkluz/PKHUD.git
  PromiseKit:
    :branch: swift4-beta1
    :git: https://github.com/mxcl/PromiseKit.git
  RxCocoa:
    :branch: swift4.0
    :git: https://github.com/ReactiveX/RxSwift.git
  RxDataSources:
    :branch: swift4.0
    :git: https://github.com/RxSwiftCommunity/RxDataSources.git
  RxSwift:
    :branch: swift4.0
    :git: https://github.com/ReactiveX/RxSwift.git
  SwiftDate:
    :branch: swift-4
    :git: https://github.com/malcommac/SwiftDate.git

CHECKOUT OPTIONS:
  CryptoSwift:
    :commit: 451042009badca8a3dd75c002fdfe04770d54d9c
    :git: https://github.com/krzyzanowskim/CryptoSwift.git
  PKHUD:
    :commit: 4d8fbf70ae912dd72280cde0a5c1440ada9a7306
    :git: https://github.com/pkluz/PKHUD.git
  PromiseKit:
    :commit: 1cd1092b31739af70c81a6708123a0a1ca7eb61a
    :git: https://github.com/mxcl/PromiseKit.git
  RxCocoa:
    :commit: 16083c30ebb8705124921b6974cc1481f3476184
    :git: https://github.com/ReactiveX/RxSwift.git
  RxDataSources:
    :commit: 3fd24a694ba808e020f980d008385ac007d9f3c7
    :git: https://github.com/RxSwiftCommunity/RxDataSources.git
  RxSwift:
    :commit: 16083c30ebb8705124921b6974cc1481f3476184
    :git: https://github.com/ReactiveX/RxSwift.git
  SwiftDate:
    :commit: '0239dbd6585e4e57d175b914df365df3b0aab26d'
    :git: https://github.com/malcommac/SwiftDate.git

SPEC CHECKSUMS:
  Alamofire: f28cdffd29de33a7bfa022cbd63ae95a27fae140
  CryptoSwift: 138d0ffbc0c5ee40f7b7fc7b073c0f41e5d36dba
  FirebaseAnalytics: e5fe8486efc01bec33f6bf82e2fa9fce4b124052
  FirebaseCore: 9691ee2ade70c098d7cf92440f4303f16d83ca75
  FirebaseInstanceID: b9eedd6846fb5e1f0f7279e1deaa7a7e4cf8392e
  Google: cd92fab98f800f509da88c1e0c570275713bc9d5
  GoogleAPIClientForREST: a8b95a252014ce2e618df6b75dc72eca2c00b4af
  GoogleSignIn: d7ad83f13480e1f30453471d00d19b5293ac46af
  GoogleToolboxForMac: 8e329f1b599f2512c6b10676d45736bcc2cbbeb0
  GTMOAuth2: 7fc9c10f5c745f4d9850419ea88889fe3baa6b7d
  GTMSessionFetcher: 5ad62e8200fa00ed011fe5e08d27fef72c5b1429
  PKHUD: 351011b853e6b942e7ee8ad335864cc84c787241
  PromiseKit: 151f0f73a000933188ef81c14be0e0401bc330a3
  R.swift: bde9704d50ff36820f49e266bc88ef545e1e9b36
  R.swift.Library: fbdec16c9802ad104fc1ba53415dc190e6ec5c73
  Reveal-SDK: 7869ddf1f902cabbb07a1f0dd06bd25861a126f7
  RxCocoa: 2eb5f5d79668c61de6c32b636c2a1101a0ba3ca9
  RxDataSources: 3cf110f8e681b360dfab76cd933ed9aba1b1176f
  RxSwift: d313a43a0109708ada75e1ce99bf7c36d4180ad8
  SwiftDate: 120e757cfbc6ad2f8ad7f8746aca49206468c95c
  SwiftyJSON: c2842d878f95482ffceec5709abc3d05680c0220

PODFILE CHECKSUM: d0bfab590ad2f8655aa4d35dfa62f5e4c8efb381

COCOAPODS: 1.2.1
