// !$*UTF8*$!
{
	archiveVersion = 1;
	classes = {
	};
	objectVersion = 46;
	objects = {

/* Begin PBXBuildFile section */
		AE32B3E9AC81296262D3BE42 /* Pods_Priorstats.framework in Frameworks */ = {isa = PBXBuildFile; fileRef = 1811308BA56A4B3FF00F016E /* Pods_Priorstats.framework */; };
		FE46A8401EF54522006CDD14 /* GoogleService-Info.plist in Resources */ = {isa = PBXBuildFile; fileRef = FE46A83F1EF54333006CDD14 /* GoogleService-Info.plist */; };
		FE6DB4E81EE4894F0054802F /* Assets.xcassets in Resources */ = {isa = PBXBuildFile; fileRef = FE6DB4E21EE4894F0054802F /* Assets.xcassets */; };
		FE6DB4E91EE4894F0054802F /* LaunchScreen.storyboard in Resources */ = {isa = PBXBuildFile; fileRef = FE6DB4E31EE4894F0054802F /* LaunchScreen.storyboard */; };
		FE6DB4EA1EE4894F0054802F /* Main.storyboard in Resources */ = {isa = PBXBuildFile; fileRef = FE6DB4E51EE4894F0054802F /* Main.storyboard */; };
		FE6DB4EF1EE489580054802F /* AppDelegate.swift in Sources */ = {isa = PBXBuildFile; fileRef = FE6DB4ED1EE489580054802F /* AppDelegate.swift */; };
		FE6DB4F01EE489580054802F /* ViewController.swift in Sources */ = {isa = PBXBuildFile; fileRef = FE6DB4EE1EE489580054802F /* ViewController.swift */; };
		FE6DB4F61EE489630054802F /* PriorstatsTests.swift in Sources */ = {isa = PBXBuildFile; fileRef = FE6DB4F31EE4895F0054802F /* PriorstatsTests.swift */; };
		FE6DB4F91EE48D800054802F /* R.generated.swift in Sources */ = {isa = PBXBuildFile; fileRef = FE6DB4F81EE48D800054802F /* R.generated.swift */; };
		FE6DB4FB1EE48EC70054802F /* PriorbankAPI.swift in Sources */ = {isa = PBXBuildFile; fileRef = FE6DB4FA1EE48EC70054802F /* PriorbankAPI.swift */; };
/* End PBXBuildFile section */

/* Begin PBXContainerItemProxy section */
		FE6DB4D11EE4887D0054802F /* PBXContainerItemProxy */ = {
			isa = PBXContainerItemProxy;
			containerPortal = FE6DB4B41EE4887D0054802F /* Project object */;
			proxyType = 1;
			remoteGlobalIDString = FE6DB4BB1EE4887D0054802F;
			remoteInfo = Priorstats;
		};
/* End PBXContainerItemProxy section */

/* Begin PBXFileReference section */
		1811308BA56A4B3FF00F016E /* Pods_Priorstats.framework */ = {isa = PBXFileReference; explicitFileType = wrapper.framework; includeInIndex = 0; path = Pods_Priorstats.framework; sourceTree = BUILT_PRODUCTS_DIR; };
		659A0D0FD7D4C45182586C6C /* Pods-Priorstats.release.xcconfig */ = {isa = PBXFileReference; includeInIndex = 1; lastKnownFileType = text.xcconfig; name = "Pods-Priorstats.release.xcconfig"; path = "Pods/Target Support Files/Pods-Priorstats/Pods-Priorstats.release.xcconfig"; sourceTree = "<group>"; };
		79507121D169BDD51DE57650 /* Pods-Priorstats.debug.xcconfig */ = {isa = PBXFileReference; includeInIndex = 1; lastKnownFileType = text.xcconfig; name = "Pods-Priorstats.debug.xcconfig"; path = "Pods/Target Support Files/Pods-Priorstats/Pods-Priorstats.debug.xcconfig"; sourceTree = "<group>"; };
		FE46A83F1EF54333006CDD14 /* GoogleService-Info.plist */ = {isa = PBXFileReference; lastKnownFileType = text.plist.xml; path = "GoogleService-Info.plist"; sourceTree = "<group>"; };
		FE6DB4BC1EE4887D0054802F /* Priorstats.app */ = {isa = PBXFileReference; explicitFileType = wrapper.application; includeInIndex = 0; path = Priorstats.app; sourceTree = BUILT_PRODUCTS_DIR; };
		FE6DB4D01EE4887D0054802F /* PriorstatsTests.xctest */ = {isa = PBXFileReference; explicitFileType = wrapper.cfbundle; includeInIndex = 0; path = PriorstatsTests.xctest; sourceTree = BUILT_PRODUCTS_DIR; };
		FE6DB4E21EE4894F0054802F /* Assets.xcassets */ = {isa = PBXFileReference; lastKnownFileType = folder.assetcatalog; path = Assets.xcassets; sourceTree = "<group>"; };
		FE6DB4E41EE4894F0054802F /* Base */ = {isa = PBXFileReference; lastKnownFileType = file.storyboard; name = Base; path = Base.lproj/LaunchScreen.storyboard; sourceTree = "<group>"; };
		FE6DB4E61EE4894F0054802F /* Base */ = {isa = PBXFileReference; lastKnownFileType = file.storyboard; name = Base; path = Base.lproj/Main.storyboard; sourceTree = "<group>"; };
		FE6DB4E71EE4894F0054802F /* Info.plist */ = {isa = PBXFileReference; fileEncoding = 4; lastKnownFileType = text.plist.xml; path = Info.plist; sourceTree = "<group>"; };
		FE6DB4ED1EE489580054802F /* AppDelegate.swift */ = {isa = PBXFileReference; fileEncoding = 4; lastKnownFileType = sourcecode.swift; path = AppDelegate.swift; sourceTree = "<group>"; };
		FE6DB4EE1EE489580054802F /* ViewController.swift */ = {isa = PBXFileReference; fileEncoding = 4; lastKnownFileType = sourcecode.swift; path = ViewController.swift; sourceTree = "<group>"; };
		FE6DB4F21EE4895F0054802F /* Info.plist */ = {isa = PBXFileReference; fileEncoding = 4; lastKnownFileType = text.plist.xml; path = Info.plist; sourceTree = "<group>"; };
		FE6DB4F31EE4895F0054802F /* PriorstatsTests.swift */ = {isa = PBXFileReference; fileEncoding = 4; lastKnownFileType = sourcecode.swift; path = PriorstatsTests.swift; sourceTree = "<group>"; };
		FE6DB4F81EE48D800054802F /* R.generated.swift */ = {isa = PBXFileReference; fileEncoding = 4; lastKnownFileType = sourcecode.swift; path = R.generated.swift; sourceTree = "<group>"; };
		FE6DB4FA1EE48EC70054802F /* PriorbankAPI.swift */ = {isa = PBXFileReference; fileEncoding = 4; lastKnownFileType = sourcecode.swift; path = PriorbankAPI.swift; sourceTree = "<group>"; };
/* End PBXFileReference section */

/* Begin PBXFrameworksBuildPhase section */
		FE6DB4B91EE4887D0054802F /* Frameworks */ = {
			isa = PBXFrameworksBuildPhase;
			buildActionMask = 2147483647;
			files = (
				AE32B3E9AC81296262D3BE42 /* Pods_Priorstats.framework in Frameworks */,
			);
			runOnlyForDeploymentPostprocessing = 0;
		};
		FE6DB4CD1EE4887D0054802F /* Frameworks */ = {
			isa = PBXFrameworksBuildPhase;
			buildActionMask = 2147483647;
			files = (
			);
			runOnlyForDeploymentPostprocessing = 0;
		};
/* End PBXFrameworksBuildPhase section */

/* Begin PBXGroup section */
		54B8A08879310502A702A7AA /* Frameworks */ = {
			isa = PBXGroup;
			children = (
				1811308BA56A4B3FF00F016E /* Pods_Priorstats.framework */,
			);
			name = Frameworks;
			sourceTree = "<group>";
		};
		CF9BBAA3755D33D2B47F7233 /* Pods */ = {
			isa = PBXGroup;
			children = (
				79507121D169BDD51DE57650 /* Pods-Priorstats.debug.xcconfig */,
				659A0D0FD7D4C45182586C6C /* Pods-Priorstats.release.xcconfig */,
			);
			name = Pods;
			sourceTree = "<group>";
		};
		FE6DB4B31EE4887D0054802F = {
			isa = PBXGroup;
			children = (
				FE6DB4EC1EE489580054802F /* Sources */,
				FE6DB4E11EE4894F0054802F /* Resources */,
				FE6DB4F11EE4895F0054802F /* Tests */,
				FE6DB4BD1EE4887D0054802F /* Products */,
				CF9BBAA3755D33D2B47F7233 /* Pods */,
				54B8A08879310502A702A7AA /* Frameworks */,
			);
			sourceTree = "<group>";
		};
		FE6DB4BD1EE4887D0054802F /* Products */ = {
			isa = PBXGroup;
			children = (
				FE6DB4BC1EE4887D0054802F /* Priorstats.app */,
				FE6DB4D01EE4887D0054802F /* PriorstatsTests.xctest */,
			);
			name = Products;
			sourceTree = "<group>";
		};
		FE6DB4E11EE4894F0054802F /* Resources */ = {
			isa = PBXGroup;
			children = (
				FE46A83F1EF54333006CDD14 /* GoogleService-Info.plist */,
				FE6DB4F81EE48D800054802F /* R.generated.swift */,
				FE6DB4E21EE4894F0054802F /* Assets.xcassets */,
				FE6DB4E31EE4894F0054802F /* LaunchScreen.storyboard */,
				FE6DB4E51EE4894F0054802F /* Main.storyboard */,
				FE6DB4E71EE4894F0054802F /* Info.plist */,
			);
			path = Resources;
			sourceTree = "<group>";
		};
		FE6DB4EC1EE489580054802F /* Sources */ = {
			isa = PBXGroup;
			children = (
				FE6DB4ED1EE489580054802F /* AppDelegate.swift */,
				FE6DB4EE1EE489580054802F /* ViewController.swift */,
				FE6DB4FA1EE48EC70054802F /* PriorbankAPI.swift */,
			);
			path = Sources;
			sourceTree = "<group>";
		};
		FE6DB4F11EE4895F0054802F /* Tests */ = {
			isa = PBXGroup;
			children = (
				FE6DB4F21EE4895F0054802F /* Info.plist */,
				FE6DB4F31EE4895F0054802F /* PriorstatsTests.swift */,
			);
			path = Tests;
			sourceTree = "<group>";
		};
/* End PBXGroup section */

/* Begin PBXNativeTarget section */
		FE6DB4BB1EE4887D0054802F /* Priorstats */ = {
			isa = PBXNativeTarget;
			buildConfigurationList = FE6DB4D91EE4887D0054802F /* Build configuration list for PBXNativeTarget "Priorstats" */;
			buildPhases = (
				557D9C02CD942B381580AAD5 /* [CP] Check Pods Manifest.lock */,
				FE6DB4F71EE48D5E0054802F /* R.swift script */,
				FE6DB4B81EE4887D0054802F /* Sources */,
				FE6DB4B91EE4887D0054802F /* Frameworks */,
				FE6DB4BA1EE4887D0054802F /* Resources */,
				76A601FFF76BDA5D4878E7F3 /* [CP] Embed Pods Frameworks */,
				3548CC4FDF09DAB65235E0EB /* [CP] Copy Pods Resources */,
			);
			buildRules = (
			);
			dependencies = (
			);
			name = Priorstats;
			productName = Priorstats;
			productReference = FE6DB4BC1EE4887D0054802F /* Priorstats.app */;
			productType = "com.apple.product-type.application";
		};
		FE6DB4CF1EE4887D0054802F /* PriorstatsTests */ = {
			isa = PBXNativeTarget;
			buildConfigurationList = FE6DB4DC1EE4887D0054802F /* Build configuration list for PBXNativeTarget "PriorstatsTests" */;
			buildPhases = (
				FE6DB4CC1EE4887D0054802F /* Sources */,
				FE6DB4CD1EE4887D0054802F /* Frameworks */,
				FE6DB4CE1EE4887D0054802F /* Resources */,
			);
			buildRules = (
			);
			dependencies = (
				FE6DB4D21EE4887D0054802F /* PBXTargetDependency */,
			);
			name = PriorstatsTests;
			productName = PriorstatsTests;
			productReference = FE6DB4D01EE4887D0054802F /* PriorstatsTests.xctest */;
			productType = "com.apple.product-type.bundle.unit-test";
		};
/* End PBXNativeTarget section */

/* Begin PBXProject section */
		FE6DB4B41EE4887D0054802F /* Project object */ = {
			isa = PBXProject;
			attributes = {
				LastSwiftUpdateCheck = 0830;
				LastUpgradeCheck = 0830;
				ORGANIZATIONNAME = "Roman Gardukevich";
				TargetAttributes = {
					FE6DB4BB1EE4887D0054802F = {
						CreatedOnToolsVersion = 8.3.2;
						DevelopmentTeam = 53APD5F9YQ;
						LastSwiftMigration = 0900;
						ProvisioningStyle = Automatic;
					};
					FE6DB4CF1EE4887D0054802F = {
						CreatedOnToolsVersion = 8.3.2;
						DevelopmentTeam = 53APD5F9YQ;
						ProvisioningStyle = Automatic;
						TestTargetID = FE6DB4BB1EE4887D0054802F;
					};
				};
			};
			buildConfigurationList = FE6DB4B71EE4887D0054802F /* Build configuration list for PBXProject "Priorstats" */;
			compatibilityVersion = "Xcode 3.2";
			developmentRegion = English;
			hasScannedForEncodings = 0;
			knownRegions = (
				en,
				Base,
			);
			mainGroup = FE6DB4B31EE4887D0054802F;
			productRefGroup = FE6DB4BD1EE4887D0054802F /* Products */;
			projectDirPath = "";
			projectRoot = "";
			targets = (
				FE6DB4BB1EE4887D0054802F /* Priorstats */,
				FE6DB4CF1EE4887D0054802F /* PriorstatsTests */,
			);
		};
/* End PBXProject section */

/* Begin PBXResourcesBuildPhase section */
		FE6DB4BA1EE4887D0054802F /* Resources */ = {
			isa = PBXResourcesBuildPhase;
			buildActionMask = 2147483647;
			files = (
				FE6DB4EA1EE4894F0054802F /* Main.storyboard in Resources */,
				FE46A8401EF54522006CDD14 /* GoogleService-Info.plist in Resources */,
				FE6DB4E81EE4894F0054802F /* Assets.xcassets in Resources */,
				FE6DB4E91EE4894F0054802F /* LaunchScreen.storyboard in Resources */,
			);
			runOnlyForDeploymentPostprocessing = 0;
		};
		FE6DB4CE1EE4887D0054802F /* Resources */ = {
			isa = PBXResourcesBuildPhase;
			buildActionMask = 2147483647;
			files = (
			);
			runOnlyForDeploymentPostprocessing = 0;
		};
/* End PBXResourcesBuildPhase section */

/* Begin PBXShellScriptBuildPhase section */
		3548CC4FDF09DAB65235E0EB /* [CP] Copy Pods Resources */ = {
			isa = PBXShellScriptBuildPhase;
			buildActionMask = 2147483647;
			files = (
			);
			inputPaths = (
			);
			name = "[CP] Copy Pods Resources";
			outputPaths = (
			);
			runOnlyForDeploymentPostprocessing = 0;
			shellPath = /bin/sh;
			shellScript = "\"${SRCROOT}/Pods/Target Support Files/Pods-Priorstats/Pods-Priorstats-resources.sh\"\n";
			showEnvVarsInLog = 0;
		};
		557D9C02CD942B381580AAD5 /* [CP] Check Pods Manifest.lock */ = {
			isa = PBXShellScriptBuildPhase;
			buildActionMask = 2147483647;
			files = (
			);
			inputPaths = (
			);
			name = "[CP] Check Pods Manifest.lock";
			outputPaths = (
			);
			runOnlyForDeploymentPostprocessing = 0;
			shellPath = /bin/sh;
			shellScript = "diff \"${PODS_PODFILE_DIR_PATH}/Podfile.lock\" \"${PODS_ROOT}/Manifest.lock\" > /dev/null\nif [ $? != 0 ] ; then\n    # print error to STDERR\n    echo \"error: The sandbox is not in sync with the Podfile.lock. Run 'pod install' or update your CocoaPods installation.\" >&2\n    exit 1\nfi\n";
			showEnvVarsInLog = 0;
		};
		76A601FFF76BDA5D4878E7F3 /* [CP] Embed Pods Frameworks */ = {
			isa = PBXShellScriptBuildPhase;
			buildActionMask = 2147483647;
			files = (
			);
			inputPaths = (
			);
			name = "[CP] Embed Pods Frameworks";
			outputPaths = (
			);
			runOnlyForDeploymentPostprocessing = 0;
			shellPath = /bin/sh;
			shellScript = "\"${SRCROOT}/Pods/Target Support Files/Pods-Priorstats/Pods-Priorstats-frameworks.sh\"\n";
			showEnvVarsInLog = 0;
		};
		FE6DB4F71EE48D5E0054802F /* R.swift script */ = {
			isa = PBXShellScriptBuildPhase;
			buildActionMask = 2147483647;
			files = (
			);
			inputPaths = (
			);
			name = "R.swift script";
			outputPaths = (
			);
			runOnlyForDeploymentPostprocessing = 0;
			shellPath = /bin/sh;
			shellScript = "\"$PODS_ROOT/R.swift/rswift\" \"$SRCROOT/Resources\"";
			showEnvVarsInLog = 0;
		};
/* End PBXShellScriptBuildPhase section */

/* Begin PBXSourcesBuildPhase section */
		FE6DB4B81EE4887D0054802F /* Sources */ = {
			isa = PBXSourcesBuildPhase;
			buildActionMask = 2147483647;
			files = (
				FE6DB4F01EE489580054802F /* ViewController.swift in Sources */,
				FE6DB4EF1EE489580054802F /* AppDelegate.swift in Sources */,
				FE6DB4F91EE48D800054802F /* R.generated.swift in Sources */,
				FE6DB4FB1EE48EC70054802F /* PriorbankAPI.swift in Sources */,
			);
			runOnlyForDeploymentPostprocessing = 0;
		};
		FE6DB4CC1EE4887D0054802F /* Sources */ = {
			isa = PBXSourcesBuildPhase;
			buildActionMask = 2147483647;
			files = (
				FE6DB4F61EE489630054802F /* PriorstatsTests.swift in Sources */,
			);
			runOnlyForDeploymentPostprocessing = 0;
		};
/* End PBXSourcesBuildPhase section */

/* Begin PBXTargetDependency section */
		FE6DB4D21EE4887D0054802F /* PBXTargetDependency */ = {
			isa = PBXTargetDependency;
			target = FE6DB4BB1EE4887D0054802F /* Priorstats */;
			targetProxy = FE6DB4D11EE4887D0054802F /* PBXContainerItemProxy */;
		};
/* End PBXTargetDependency section */

/* Begin PBXVariantGroup section */
		FE6DB4E31EE4894F0054802F /* LaunchScreen.storyboard */ = {
			isa = PBXVariantGroup;
			children = (
				FE6DB4E41EE4894F0054802F /* Base */,
			);
			name = LaunchScreen.storyboard;
			sourceTree = "<group>";
		};
		FE6DB4E51EE4894F0054802F /* Main.storyboard */ = {
			isa = PBXVariantGroup;
			children = (
				FE6DB4E61EE4894F0054802F /* Base */,
			);
			name = Main.storyboard;
			sourceTree = "<group>";
		};
/* End PBXVariantGroup section */

/* Begin XCBuildConfiguration section */
		FE6DB4D71EE4887D0054802F /* Debug */ = {
			isa = XCBuildConfiguration;
			buildSettings = {
				ALWAYS_SEARCH_USER_PATHS = NO;
				CLANG_ANALYZER_NONNULL = YES;
				CLANG_ANALYZER_NUMBER_OBJECT_CONVERSION = YES_AGGRESSIVE;
				CLANG_CXX_LANGUAGE_STANDARD = "gnu++0x";
				CLANG_CXX_LIBRARY = "libc++";
				CLANG_ENABLE_MODULES = YES;
				CLANG_ENABLE_OBJC_ARC = YES;
				CLANG_WARN_BOOL_CONVERSION = YES;
				CLANG_WARN_CONSTANT_CONVERSION = YES;
				CLANG_WARN_DIRECT_OBJC_ISA_USAGE = YES_ERROR;
				CLANG_WARN_DOCUMENTATION_COMMENTS = YES;
				CLANG_WARN_EMPTY_BODY = YES;
				CLANG_WARN_ENUM_CONVERSION = YES;
				CLANG_WARN_INFINITE_RECURSION = YES;
				CLANG_WARN_INT_CONVERSION = YES;
				CLANG_WARN_OBJC_ROOT_CLASS = YES_ERROR;
				CLANG_WARN_SUSPICIOUS_MOVE = YES;
				CLANG_WARN_UNREACHABLE_CODE = YES;
				CLANG_WARN__DUPLICATE_METHOD_MATCH = YES;
				"CODE_SIGN_IDENTITY[sdk=iphoneos*]" = "iPhone Developer";
				COPY_PHASE_STRIP = NO;
				DEBUG_INFORMATION_FORMAT = dwarf;
				ENABLE_STRICT_OBJC_MSGSEND = YES;
				ENABLE_TESTABILITY = YES;
				GCC_C_LANGUAGE_STANDARD = gnu99;
				GCC_DYNAMIC_NO_PIC = NO;
				GCC_NO_COMMON_BLOCKS = YES;
				GCC_OPTIMIZATION_LEVEL = 0;
				GCC_PREPROCESSOR_DEFINITIONS = (
					"DEBUG=1",
					"$(inherited)",
				);
				GCC_WARN_64_TO_32_BIT_CONVERSION = YES;
				GCC_WARN_ABOUT_RETURN_TYPE = YES_ERROR;
				GCC_WARN_UNDECLARED_SELECTOR = YES;
				GCC_WARN_UNINITIALIZED_AUTOS = YES_AGGRESSIVE;
				GCC_WARN_UNUSED_FUNCTION = YES;
				GCC_WARN_UNUSED_VARIABLE = YES;
				IPHONEOS_DEPLOYMENT_TARGET = 10.3;
				MTL_ENABLE_DEBUG_INFO = YES;
				ONLY_ACTIVE_ARCH = YES;
				SDKROOT = iphoneos;
				SWIFT_ACTIVE_COMPILATION_CONDITIONS = DEBUG;
				SWIFT_OPTIMIZATION_LEVEL = "-Onone";
				TARGETED_DEVICE_FAMILY = "1,2";
			};
			name = Debug;
		};
		FE6DB4D81EE4887D0054802F /* Release */ = {
			isa = XCBuildConfiguration;
			buildSettings = {
				ALWAYS_SEARCH_USER_PATHS = NO;
				CLANG_ANALYZER_NONNULL = YES;
				CLANG_ANALYZER_NUMBER_OBJECT_CONVERSION = YES_AGGRESSIVE;
				CLANG_CXX_LANGUAGE_STANDARD = "gnu++0x";
				CLANG_CXX_LIBRARY = "libc++";
				CLANG_ENABLE_MODULES = YES;
				CLANG_ENABLE_OBJC_ARC = YES;
				CLANG_WARN_BOOL_CONVERSION = YES;
				CLANG_WARN_CONSTANT_CONVERSION = YES;
				CLANG_WARN_DIRECT_OBJC_ISA_USAGE = YES_ERROR;
				CLANG_WARN_DOCUMENTATION_COMMENTS = YES;
				CLANG_WARN_EMPTY_BODY = YES;
				CLANG_WARN_ENUM_CONVERSION = YES;
				CLANG_WARN_INFINITE_RECURSION = YES;
				CLANG_WARN_INT_CONVERSION = YES;
				CLANG_WARN_OBJC_ROOT_CLASS = YES_ERROR;
				CLANG_WARN_SUSPICIOUS_MOVE = YES;
				CLANG_WARN_UNREACHABLE_CODE = YES;
				CLANG_WARN__DUPLICATE_METHOD_MATCH = YES;
				"CODE_SIGN_IDENTITY[sdk=iphoneos*]" = "iPhone Developer";
				COPY_PHASE_STRIP = NO;
				DEBUG_INFORMATION_FORMAT = "dwarf-with-dsym";
				ENABLE_NS_ASSERTIONS = NO;
				ENABLE_STRICT_OBJC_MSGSEND = YES;
				GCC_C_LANGUAGE_STANDARD = gnu99;
				GCC_NO_COMMON_BLOCKS = YES;
				GCC_WARN_64_TO_32_BIT_CONVERSION = YES;
				GCC_WARN_ABOUT_RETURN_TYPE = YES_ERROR;
				GCC_WARN_UNDECLARED_SELECTOR = YES;
				GCC_WARN_UNINITIALIZED_AUTOS = YES_AGGRESSIVE;
				GCC_WARN_UNUSED_FUNCTION = YES;
				GCC_WARN_UNUSED_VARIABLE = YES;
				IPHONEOS_DEPLOYMENT_TARGET = 10.3;
				MTL_ENABLE_DEBUG_INFO = NO;
				SDKROOT = iphoneos;
				SWIFT_OPTIMIZATION_LEVEL = "-Owholemodule";
				TARGETED_DEVICE_FAMILY = "1,2";
				VALIDATE_PRODUCT = YES;
			};
			name = Release;
		};
		FE6DB4DA1EE4887D0054802F /* Debug */ = {
			isa = XCBuildConfiguration;
			baseConfigurationReference = 79507121D169BDD51DE57650 /* Pods-Priorstats.debug.xcconfig */;
			buildSettings = {
				ASSETCATALOG_COMPILER_APPICON_NAME = AppIcon;
				DEVELOPMENT_TEAM = 53APD5F9YQ;
				INFOPLIST_FILE = "$(SRCROOT)/Resources/Info.plist";
				IPHONEOS_DEPLOYMENT_TARGET = 10.2;
				LD_RUNPATH_SEARCH_PATHS = "$(inherited) @executable_path/Frameworks";
				PRODUCT_BUNDLE_IDENTIFIER = com.gardukevich.Priorstats;
				PRODUCT_NAME = "$(TARGET_NAME)";
				SWIFT_SWIFT3_OBJC_INFERENCE = On;
				SWIFT_VERSION = 4.0;
			};
			name = Debug;
		};
		FE6DB4DB1EE4887D0054802F /* Release */ = {
			isa = XCBuildConfiguration;
			baseConfigurationReference = 659A0D0FD7D4C45182586C6C /* Pods-Priorstats.release.xcconfig */;
			buildSettings = {
				ASSETCATALOG_COMPILER_APPICON_NAME = AppIcon;
				DEVELOPMENT_TEAM = 53APD5F9YQ;
				INFOPLIST_FILE = "$(SRCROOT)/Resources/Info.plist";
				IPHONEOS_DEPLOYMENT_TARGET = 10.2;
				LD_RUNPATH_SEARCH_PATHS = "$(inherited) @executable_path/Frameworks";
				PRODUCT_BUNDLE_IDENTIFIER = com.gardukevich.Priorstats;
				PRODUCT_NAME = "$(TARGET_NAME)";
				SWIFT_SWIFT3_OBJC_INFERENCE = On;
				SWIFT_VERSION = 4.0;
			};
			name = Release;
		};
		FE6DB4DD1EE4887D0054802F /* Debug */ = {
			isa = XCBuildConfiguration;
			buildSettings = {
				ALWAYS_EMBED_SWIFT_STANDARD_LIBRARIES = YES;
				BUNDLE_LOADER = "$(TEST_HOST)";
				DEVELOPMENT_TEAM = 53APD5F9YQ;
				INFOPLIST_FILE = Tests/Info.plist;
				LD_RUNPATH_SEARCH_PATHS = "$(inherited) @executable_path/Frameworks @loader_path/Frameworks";
				PRODUCT_BUNDLE_IDENTIFIER = com.gardukevich.PriorstatsTests;
				PRODUCT_NAME = "$(TARGET_NAME)";
				SWIFT_VERSION = 3.0;
				TEST_HOST = "$(BUILT_PRODUCTS_DIR)/Priorstats.app/Priorstats";
			};
			name = Debug;
		};
		FE6DB4DE1EE4887D0054802F /* Release */ = {
			isa = XCBuildConfiguration;
			buildSettings = {
				ALWAYS_EMBED_SWIFT_STANDARD_LIBRARIES = YES;
				BUNDLE_LOADER = "$(TEST_HOST)";
				DEVELOPMENT_TEAM = 53APD5F9YQ;
				INFOPLIST_FILE = Tests/Info.plist;
				LD_RUNPATH_SEARCH_PATHS = "$(inherited) @executable_path/Frameworks @loader_path/Frameworks";
				PRODUCT_BUNDLE_IDENTIFIER = com.gardukevich.PriorstatsTests;
				PRODUCT_NAME = "$(TARGET_NAME)";
				SWIFT_VERSION = 3.0;
				TEST_HOST = "$(BUILT_PRODUCTS_DIR)/Priorstats.app/Priorstats";
			};
			name = Release;
		};
/* End XCBuildConfiguration section */

/* Begin XCConfigurationList section */
		FE6DB4B71EE4887D0054802F /* Build configuration list for PBXProject "Priorstats" */ = {
			isa = XCConfigurationList;
			buildConfigurations = (
				FE6DB4D71EE4887D0054802F /* Debug */,
				FE6DB4D81EE4887D0054802F /* Release */,
			);
			defaultConfigurationIsVisible = 0;
			defaultConfigurationName = Release;
		};
		FE6DB4D91EE4887D0054802F /* Build configuration list for PBXNativeTarget "Priorstats" */ = {
			isa = XCConfigurationList;
			buildConfigurations = (
				FE6DB4DA1EE4887D0054802F /* Debug */,
				FE6DB4DB1EE4887D0054802F /* Release */,
			);
			defaultConfigurationIsVisible = 0;
			defaultConfigurationName = Release;
		};
		FE6DB4DC1EE4887D0054802F /* Build configuration list for PBXNativeTarget "PriorstatsTests" */ = {
			isa = XCConfigurationList;
			buildConfigurations = (
				FE6DB4DD1EE4887D0054802F /* Debug */,
				FE6DB4DE1EE4887D0054802F /* Release */,
			);
			defaultConfigurationIsVisible = 0;
			defaultConfigurationName = Release;
		};
/* End XCConfigurationList section */
	};
	rootObject = FE6DB4B41EE4887D0054802F /* Project object */;
}
